
Microsoft Visual Studio Solution File, Format Version 12.00
# Visual Studio Version 17
VisualStudioVersion = 17.0.31903.59
MinimumVisualStudioVersion = 10.0.40219.1
Project("{2150E333-8FDC-42A3-9474-1A3956D46DE8}") = "Sources", "Sources", "{ECDD9609-5209-4544-910F-099A50C8542D}"
EndProject
Project("{FAE04EC0-301F-11D3-BF4B-00C04F79EFBC}") = "Coelum.Core", "Sources\Coelum.Core\Coelum.Core.csproj", "{6AFCE2E4-0486-4DE0-8C02-DC257CCE2DC7}"
EndProject
Project("{2150E333-8FDC-42A3-9474-1A3956D46DE8}") = "Tests", "Tests", "{D210D6B3-356E-448A-9E38-C76B34C955C0}"
EndProject
Project("{FAE04EC0-301F-11D3-BF4B-00C04F79EFBC}") = "PhoenixPlayground", "Tests\PhoenixPlayground\PhoenixPlayground.csproj", "{FD3E522F-BBE0-43E7-BE2C-6DFD064B1DDD}"
EndProject
Project("{FAE04EC0-301F-11D3-BF4B-00C04F79EFBC}") = "Coelum.Common.Input", "Sources\Coelum.Common.Input\Coelum.Common.Input.csproj", "{7EAC9C7A-5C8A-47A9-96E8-A7EC66E9A306}"
EndProject
Project("{FAE04EC0-301F-11D3-BF4B-00C04F79EFBC}") = "Coelum.Debug", "Sources\Coelum.Debug\Coelum.Debug.csproj", "{D255AA69-B327-47B8-B1ED-1781A87A8D6E}"
EndProject
Project("{FAE04EC0-301F-11D3-BF4B-00C04F79EFBC}") = "Coelum.Configuration", "Sources\Coelum.Configuration\Coelum.Configuration.csproj", "{81E31D8B-F155-4C1D-9E76-3BA2174A3EDD}"
EndProject
Project("{FAE04EC0-301F-11D3-BF4B-00C04F79EFBC}") = "Coelum.Resources", "Sources\Coelum.Resources\Coelum.Resources.csproj", "{896DBF1B-168F-4DED-8C07-9F678FBA7F6D}"
EndProject
Project("{FAE04EC0-301F-11D3-BF4B-00C04F79EFBC}") = "Coelum.LanguageExtensions", "Sources\Coelum.LanguageExtensions\Coelum.LanguageExtensions.csproj", "{D8D85418-DC76-440D-9DF9-E09E5374AB54}"
EndProject
Project("{FAE04EC0-301F-11D3-BF4B-00C04F79EFBC}") = "Coelum.ECS", "Sources\Coelum.ECS\Coelum.ECS.csproj", "{66E09772-49AA-4843-8118-7A3AC9E7D9BA}"
EndProject
Project("{FAE04EC0-301F-11D3-BF4B-00C04F79EFBC}") = "Coelum.Common.Graphics", "Sources\Coelum.Common.Graphics\Coelum.Common.Graphics.csproj", "{DBBF7798-314D-4AAA-A65D-7D539EE5C761}"
EndProject
Project("{2150E333-8FDC-42A3-9474-1A3956D46DE8}") = "Phoenix", "Phoenix", "{192F0C92-256C-4049-A24D-2092B9E60738}"
EndProject
Project("{FAE04EC0-301F-11D3-BF4B-00C04F79EFBC}") = "Coelum.Phoenix", "Sources\Phoenix\Coelum.Phoenix\Coelum.Phoenix.csproj", "{BC474D37-0405-40B0-AE4C-16BCD3D886E1}"
EndProject
Project("{FAE04EC0-301F-11D3-BF4B-00C04F79EFBC}") = "Coelum.Phoenix.Editor", "Sources\Phoenix\Coelum.Phoenix.Editor\Coelum.Phoenix.Editor.csproj", "{AD89E056-6B2F-4C0F-84B0-3FE39E845237}"
EndProject
Project("{FAE04EC0-301F-11D3-BF4B-00C04F79EFBC}") = "Coelum.Phoenix.Extensions.ImGui", "Sources\Phoenix\Coelum.Phoenix.Extensions.ImGui\Coelum.Phoenix.Extensions.ImGui.csproj", "{874D9F65-6B20-4EBF-8392-010C992F3E10}"
EndProject
Project("{FAE04EC0-301F-11D3-BF4B-00C04F79EFBC}") = "Coelum.Phoenix.Physics", "Sources\Phoenix\Coelum.Phoenix.Physics\Coelum.Phoenix.Physics.csproj", "{B7D800C6-593E-4EE2-9F61-B9C4DA909D40}"
EndProject
Global
	GlobalSection(SolutionConfigurationPlatforms) = preSolution
		Debug|Any CPU = Debug|Any CPU
		Release|Any CPU = Release|Any CPU
	EndGlobalSection
	GlobalSection(SolutionProperties) = preSolution
		HideSolutionNode = FALSE
	EndGlobalSection
	GlobalSection(ProjectConfigurationPlatforms) = postSolution
		{6AFCE2E4-0486-4DE0-8C02-DC257CCE2DC7}.Debug|Any CPU.ActiveCfg = Debug|Any CPU
		{6AFCE2E4-0486-4DE0-8C02-DC257CCE2DC7}.Debug|Any CPU.Build.0 = Debug|Any CPU
		{6AFCE2E4-0486-4DE0-8C02-DC257CCE2DC7}.Release|Any CPU.ActiveCfg = Release|Any CPU
		{6AFCE2E4-0486-4DE0-8C02-DC257CCE2DC7}.Release|Any CPU.Build.0 = Release|Any CPU
		{FD3E522F-BBE0-43E7-BE2C-6DFD064B1DDD}.Debug|Any CPU.ActiveCfg = Debug|Any CPU
		{FD3E522F-BBE0-43E7-BE2C-6DFD064B1DDD}.Debug|Any CPU.Build.0 = Debug|Any CPU
		{FD3E522F-BBE0-43E7-BE2C-6DFD064B1DDD}.Release|Any CPU.ActiveCfg = Release|Any CPU
		{FD3E522F-BBE0-43E7-BE2C-6DFD064B1DDD}.Release|Any CPU.Build.0 = Release|Any CPU
		{7EAC9C7A-5C8A-47A9-96E8-A7EC66E9A306}.Debug|Any CPU.ActiveCfg = Debug|Any CPU
		{7EAC9C7A-5C8A-47A9-96E8-A7EC66E9A306}.Debug|Any CPU.Build.0 = Debug|Any CPU
		{7EAC9C7A-5C8A-47A9-96E8-A7EC66E9A306}.Release|Any CPU.ActiveCfg = Release|Any CPU
		{7EAC9C7A-5C8A-47A9-96E8-A7EC66E9A306}.Release|Any CPU.Build.0 = Release|Any CPU
		{D255AA69-B327-47B8-B1ED-1781A87A8D6E}.Debug|Any CPU.ActiveCfg = Debug|Any CPU
		{D255AA69-B327-47B8-B1ED-1781A87A8D6E}.Debug|Any CPU.Build.0 = Debug|Any CPU
		{D255AA69-B327-47B8-B1ED-1781A87A8D6E}.Release|Any CPU.ActiveCfg = Release|Any CPU
		{D255AA69-B327-47B8-B1ED-1781A87A8D6E}.Release|Any CPU.Build.0 = Release|Any CPU
		{81E31D8B-F155-4C1D-9E76-3BA2174A3EDD}.Debug|Any CPU.ActiveCfg = Debug|Any CPU
		{81E31D8B-F155-4C1D-9E76-3BA2174A3EDD}.Debug|Any CPU.Build.0 = Debug|Any CPU
		{81E31D8B-F155-4C1D-9E76-3BA2174A3EDD}.Release|Any CPU.ActiveCfg = Release|Any CPU
		{81E31D8B-F155-4C1D-9E76-3BA2174A3EDD}.Release|Any CPU.Build.0 = Release|Any CPU
		{896DBF1B-168F-4DED-8C07-9F678FBA7F6D}.Debug|Any CPU.ActiveCfg = Debug|Any CPU
		{896DBF1B-168F-4DED-8C07-9F678FBA7F6D}.Debug|Any CPU.Build.0 = Debug|Any CPU
		{896DBF1B-168F-4DED-8C07-9F678FBA7F6D}.Release|Any CPU.ActiveCfg = Release|Any CPU
		{896DBF1B-168F-4DED-8C07-9F678FBA7F6D}.Release|Any CPU.Build.0 = Release|Any CPU
		{D8D85418-DC76-440D-9DF9-E09E5374AB54}.Debug|Any CPU.ActiveCfg = Debug|Any CPU
		{D8D85418-DC76-440D-9DF9-E09E5374AB54}.Debug|Any CPU.Build.0 = Debug|Any CPU
		{D8D85418-DC76-440D-9DF9-E09E5374AB54}.Release|Any CPU.ActiveCfg = Release|Any CPU
		{D8D85418-DC76-440D-9DF9-E09E5374AB54}.Release|Any CPU.Build.0 = Release|Any CPU
		{66E09772-49AA-4843-8118-7A3AC9E7D9BA}.Debug|Any CPU.ActiveCfg = Debug|Any CPU
		{66E09772-49AA-4843-8118-7A3AC9E7D9BA}.Debug|Any CPU.Build.0 = Debug|Any CPU
		{66E09772-49AA-4843-8118-7A3AC9E7D9BA}.Release|Any CPU.ActiveCfg = Release|Any CPU
		{66E09772-49AA-4843-8118-7A3AC9E7D9BA}.Release|Any CPU.Build.0 = Release|Any CPU
		{DBBF7798-314D-4AAA-A65D-7D539EE5C761}.Debug|Any CPU.ActiveCfg = Debug|Any CPU
		{DBBF7798-314D-4AAA-A65D-7D539EE5C761}.Debug|Any CPU.Build.0 = Debug|Any CPU
		{DBBF7798-314D-4AAA-A65D-7D539EE5C761}.Release|Any CPU.ActiveCfg = Release|Any CPU
		{DBBF7798-314D-4AAA-A65D-7D539EE5C761}.Release|Any CPU.Build.0 = Release|Any CPU
		{BC474D37-0405-40B0-AE4C-16BCD3D886E1}.Debug|Any CPU.ActiveCfg = Debug|Any CPU
		{BC474D37-0405-40B0-AE4C-16BCD3D886E1}.Debug|Any CPU.Build.0 = Debug|Any CPU
		{BC474D37-0405-40B0-AE4C-16BCD3D886E1}.Release|Any CPU.ActiveCfg = Release|Any CPU
		{BC474D37-0405-40B0-AE4C-16BCD3D886E1}.Release|Any CPU.Build.0 = Release|Any CPU
		{AD89E056-6B2F-4C0F-84B0-3FE39E845237}.Debug|Any CPU.ActiveCfg = Debug|Any CPU
		{AD89E056-6B2F-4C0F-84B0-3FE39E845237}.Debug|Any CPU.Build.0 = Debug|Any CPU
		{AD89E056-6B2F-4C0F-84B0-3FE39E845237}.Release|Any CPU.ActiveCfg = Release|Any CPU
		{AD89E056-6B2F-4C0F-84B0-3FE39E845237}.Release|Any CPU.Build.0 = Release|Any CPU
		{874D9F65-6B20-4EBF-8392-010C992F3E10}.Debug|Any CPU.ActiveCfg = Debug|Any CPU
		{874D9F65-6B20-4EBF-8392-010C992F3E10}.Debug|Any CPU.Build.0 = Debug|Any CPU
		{874D9F65-6B20-4EBF-8392-010C992F3E10}.Release|Any CPU.ActiveCfg = Release|Any CPU
		{874D9F65-6B20-4EBF-8392-010C992F3E10}.Release|Any CPU.Build.0 = Release|Any CPU
		{B7D800C6-593E-4EE2-9F61-B9C4DA909D40}.Debug|Any CPU.ActiveCfg = Debug|Any CPU
		{B7D800C6-593E-4EE2-9F61-B9C4DA909D40}.Debug|Any CPU.Build.0 = Debug|Any CPU
		{B7D800C6-593E-4EE2-9F61-B9C4DA909D40}.Release|Any CPU.ActiveCfg = Release|Any CPU
		{B7D800C6-593E-4EE2-9F61-B9C4DA909D40}.Release|Any CPU.Build.0 = Release|Any CPU
	EndGlobalSection
	GlobalSection(NestedProjects) = preSolution
		{6AFCE2E4-0486-4DE0-8C02-DC257CCE2DC7} = {ECDD9609-5209-4544-910F-099A50C8542D}
		{FD3E522F-BBE0-43E7-BE2C-6DFD064B1DDD} = {D210D6B3-356E-448A-9E38-C76B34C955C0}
		{7EAC9C7A-5C8A-47A9-96E8-A7EC66E9A306} = {ECDD9609-5209-4544-910F-099A50C8542D}
		{D255AA69-B327-47B8-B1ED-1781A87A8D6E} = {ECDD9609-5209-4544-910F-099A50C8542D}
		{81E31D8B-F155-4C1D-9E76-3BA2174A3EDD} = {ECDD9609-5209-4544-910F-099A50C8542D}
		{896DBF1B-168F-4DED-8C07-9F678FBA7F6D} = {ECDD9609-5209-4544-910F-099A50C8542D}
		{D8D85418-DC76-440D-9DF9-E09E5374AB54} = {ECDD9609-5209-4544-910F-099A50C8542D}
		{66E09772-49AA-4843-8118-7A3AC9E7D9BA} = {ECDD9609-5209-4544-910F-099A50C8542D}
		{DBBF7798-314D-4AAA-A65D-7D539EE5C761} = {ECDD9609-5209-4544-910F-099A50C8542D}
		{192F0C92-256C-4049-A24D-2092B9E60738} = {ECDD9609-5209-4544-910F-099A50C8542D}
		{BC474D37-0405-40B0-AE4C-16BCD3D886E1} = {192F0C92-256C-4049-A24D-2092B9E60738}
		{AD89E056-6B2F-4C0F-84B0-3FE39E845237} = {192F0C92-256C-4049-A24D-2092B9E60738}
		{874D9F65-6B20-4EBF-8392-010C992F3E10} = {192F0C92-256C-4049-A24D-2092B9E60738}
		{B7D800C6-593E-4EE2-9F61-B9C4DA909D40} = {192F0C92-256C-4049-A24D-2092B9E60738}
	EndGlobalSection
EndGlobal
