
Microsoft Visual Studio Solution File, Format Version 12.00
# Visual Studio Version 17
VisualStudioVersion = 17.0.31903.59
MinimumVisualStudioVersion = 10.0.40219.1
Project("{2150E333-8FDC-42A3-9474-1A3956D46DE8}") = "Sources", "Sources", "{ECDD9609-5209-4544-910F-099A50C8542D}"
EndProject
Project("{FAE04EC0-301F-11D3-BF4B-00C04F79EFBC}") = "Coelum.Core", "Sources\Coelum.Core\Coelum.Core.csproj", "{6AFCE2E4-0486-4DE0-8C02-DC257CCE2DC7}"
EndProject
Project("{2150E333-8FDC-42A3-9474-1A3956D46DE8}") = "Tests", "Tests", "{D210D6B3-356E-448A-9E38-C76B34C955C0}"
EndProject
Project("{FAE04EC0-301F-11D3-BF4B-00C04F79EFBC}") = "Playground", "Tests\Playground\Playground.csproj", "{FD3E522F-BBE0-43E7-BE2C-6DFD064B1DDD}"
EndProject
Project("{FAE04EC0-301F-11D3-BF4B-00C04F79EFBC}") = "Coelum.Common.Input", "Sources\Coelum.Common.Input\Coelum.Common.Input.csproj", "{7EAC9C7A-5C8A-47A9-96E8-A7EC66E9A306}"
EndProject
Project("{FAE04EC0-301F-11D3-BF4B-00C04F79EFBC}") = "Coelum.Debug", "Sources\Coelum.Debug\Coelum.Debug.csproj", "{D255AA69-B327-47B8-B1ED-1781A87A8D6E}"
EndProject
Project("{FAE04EC0-301F-11D3-BF4B-00C04F79EFBC}") = "Coelum.Configuration", "Sources\Coelum.Configuration\Coelum.Configuration.csproj", "{81E31D8B-F155-4C1D-9E76-3BA2174A3EDD}"
EndProject
Project("{FAE04EC0-301F-11D3-BF4B-00C04F79EFBC}") = "Coelum.Resources", "Sources\Coelum.Resources\Coelum.Resources.csproj", "{896DBF1B-168F-4DED-8C07-9F678FBA7F6D}"
EndProject
Project("{FAE04EC0-301F-11D3-BF4B-00C04F79EFBC}") = "Coelum.LanguageExtensions", "Sources\Coelum.LanguageExtensions\Coelum.LanguageExtensions.csproj", "{D8D85418-DC76-440D-9DF9-E09E5374AB54}"
EndProject
Project("{FAE04EC0-301F-11D3-BF4B-00C04F79EFBC}") = "Coelum.Node", "Sources\Coelum.Node\Coelum.Node.csproj", "{66E09772-49AA-4843-8118-7A3AC9E7D9BA}"
EndProject
Project("{FAE04EC0-301F-11D3-BF4B-00C04F79EFBC}") = "Coelum.Common.Graphics", "Sources\Coelum.Common.Graphics\Coelum.Common.Graphics.csproj", "{DBBF7798-314D-4AAA-A65D-7D539EE5C761}"
EndProject
Project("{2150E333-8FDC-42A3-9474-1A3956D46DE8}") = "Phoenix", "Phoenix", "{192F0C92-256C-4049-A24D-2092B9E60738}"
EndProject
Project("{FAE04EC0-301F-11D3-BF4B-00C04F79EFBC}") = "Coelum.Phoenix", "Sources\Phoenix\Coelum.Phoenix\Coelum.Phoenix.csproj", "{BC474D37-0405-40B0-AE4C-16BCD3D886E1}"
EndProject
Project("{FAE04EC0-301F-11D3-BF4B-00C04F79EFBC}") = "Coelum.Phoenix.Input", "Sources\Phoenix\Coelum.Phoenix.Input\Coelum.Phoenix.Input.csproj", "{162A8CC4-3336-4F88-BC9E-6453BD372F4A}"
EndProject
Project("{FAE04EC0-301F-11D3-BF4B-00C04F79EFBC}") = "Coelum.Phoenix.ModelLoading", "Sources\Phoenix\Coelum.Phoenix.ModelLoading\Coelum.Phoenix.ModelLoading.csproj", "{45275EB2-8567-487D-84B7-52CAEE1E1D0E}"
EndProject
Project("{FAE04EC0-301F-11D3-BF4B-00C04F79EFBC}") = "Coelum.Phoenix.UI", "Sources\Phoenix\Coelum.Phoenix.UI\Coelum.Phoenix.UI.csproj", "{27F9B9B8-26B8-4F5A-9C8A-D63443B90966}"
EndProject
Project("{2150E333-8FDC-42A3-9474-1A3956D46DE8}") = "Raven", "Raven", "{E134A923-6235-4356-89BA-A8A06A1F2EDA}"
EndProject
Project("{FAE04EC0-301F-11D3-BF4B-00C04F79EFBC}") = "Coelum.Raven", "Sources\Raven\Coelum.Raven\Coelum.Raven.csproj", "{F08317B1-82AA-47C3-B896-6BD638FA7A53}"
EndProject
Project("{FAE04EC0-301F-11D3-BF4B-00C04F79EFBC}") = "Coelum.Raven.Input", "Sources\Raven\Coelum.Raven.Input\Coelum.Raven.Input.csproj", "{D2D5C216-DA1C-45CC-A6ED-4617D175F03C}"
EndProject
Project("{FAE04EC0-301F-11D3-BF4B-00C04F79EFBC}") = "RavenPlayground", "Tests\RavenPlayground\RavenPlayground.csproj", "{18484989-11B3-4BA3-8C5F-306D4526764D}"
EndProject
Project("{FAE04EC0-301F-11D3-BF4B-00C04F79EFBC}") = "Coelum.Raven.Debug", "Sources\Raven\Coelum.Raven.Debug\Coelum.Raven.Debug.csproj", "{7BF8D91E-5FDF-4839-94B6-A0F89CB21BDB}"
EndProject
Global
	GlobalSection(SolutionConfigurationPlatforms) = preSolution
		Debug|Any CPU = Debug|Any CPU
		Release|Any CPU = Release|Any CPU
	EndGlobalSection
	GlobalSection(SolutionProperties) = preSolution
		HideSolutionNode = FALSE
	EndGlobalSection
	GlobalSection(ProjectConfigurationPlatforms) = postSolution
		{6AFCE2E4-0486-4DE0-8C02-DC257CCE2DC7}.Debug|Any CPU.ActiveCfg = Debug|Any CPU
		{6AFCE2E4-0486-4DE0-8C02-DC257CCE2DC7}.Debug|Any CPU.Build.0 = Debug|Any CPU
		{6AFCE2E4-0486-4DE0-8C02-DC257CCE2DC7}.Release|Any CPU.ActiveCfg = Release|Any CPU
		{6AFCE2E4-0486-4DE0-8C02-DC257CCE2DC7}.Release|Any CPU.Build.0 = Release|Any CPU
		{FD3E522F-BBE0-43E7-BE2C-6DFD064B1DDD}.Debug|Any CPU.ActiveCfg = Debug|Any CPU
		{FD3E522F-BBE0-43E7-BE2C-6DFD064B1DDD}.Debug|Any CPU.Build.0 = Debug|Any CPU
		{FD3E522F-BBE0-43E7-BE2C-6DFD064B1DDD}.Release|Any CPU.ActiveCfg = Release|Any CPU
		{FD3E522F-BBE0-43E7-BE2C-6DFD064B1DDD}.Release|Any CPU.Build.0 = Release|Any CPU
		{7EAC9C7A-5C8A-47A9-96E8-A7EC66E9A306}.Debug|Any CPU.ActiveCfg = Debug|Any CPU
		{7EAC9C7A-5C8A-47A9-96E8-A7EC66E9A306}.Debug|Any CPU.Build.0 = Debug|Any CPU
		{7EAC9C7A-5C8A-47A9-96E8-A7EC66E9A306}.Release|Any CPU.ActiveCfg = Release|Any CPU
		{7EAC9C7A-5C8A-47A9-96E8-A7EC66E9A306}.Release|Any CPU.Build.0 = Release|Any CPU
		{D255AA69-B327-47B8-B1ED-1781A87A8D6E}.Debug|Any CPU.ActiveCfg = Debug|Any CPU
		{D255AA69-B327-47B8-B1ED-1781A87A8D6E}.Debug|Any CPU.Build.0 = Debug|Any CPU
		{D255AA69-B327-47B8-B1ED-1781A87A8D6E}.Release|Any CPU.ActiveCfg = Release|Any CPU
		{D255AA69-B327-47B8-B1ED-1781A87A8D6E}.Release|Any CPU.Build.0 = Release|Any CPU
		{81E31D8B-F155-4C1D-9E76-3BA2174A3EDD}.Debug|Any CPU.ActiveCfg = Debug|Any CPU
		{81E31D8B-F155-4C1D-9E76-3BA2174A3EDD}.Debug|Any CPU.Build.0 = Debug|Any CPU
		{81E31D8B-F155-4C1D-9E76-3BA2174A3EDD}.Release|Any CPU.ActiveCfg = Release|Any CPU
		{81E31D8B-F155-4C1D-9E76-3BA2174A3EDD}.Release|Any CPU.Build.0 = Release|Any CPU
		{896DBF1B-168F-4DED-8C07-9F678FBA7F6D}.Debug|Any CPU.ActiveCfg = Debug|Any CPU
		{896DBF1B-168F-4DED-8C07-9F678FBA7F6D}.Debug|Any CPU.Build.0 = Debug|Any CPU
		{896DBF1B-168F-4DED-8C07-9F678FBA7F6D}.Release|Any CPU.ActiveCfg = Release|Any CPU
		{896DBF1B-168F-4DED-8C07-9F678FBA7F6D}.Release|Any CPU.Build.0 = Release|Any CPU
		{D8D85418-DC76-440D-9DF9-E09E5374AB54}.Debug|Any CPU.ActiveCfg = Debug|Any CPU
		{D8D85418-DC76-440D-9DF9-E09E5374AB54}.Debug|Any CPU.Build.0 = Debug|Any CPU
		{D8D85418-DC76-440D-9DF9-E09E5374AB54}.Release|Any CPU.ActiveCfg = Release|Any CPU
		{D8D85418-DC76-440D-9DF9-E09E5374AB54}.Release|Any CPU.Build.0 = Release|Any CPU
		{66E09772-49AA-4843-8118-7A3AC9E7D9BA}.Debug|Any CPU.ActiveCfg = Debug|Any CPU
		{66E09772-49AA-4843-8118-7A3AC9E7D9BA}.Debug|Any CPU.Build.0 = Debug|Any CPU
		{66E09772-49AA-4843-8118-7A3AC9E7D9BA}.Release|Any CPU.ActiveCfg = Release|Any CPU
		{66E09772-49AA-4843-8118-7A3AC9E7D9BA}.Release|Any CPU.Build.0 = Release|Any CPU
		{DBBF7798-314D-4AAA-A65D-7D539EE5C761}.Debug|Any CPU.ActiveCfg = Debug|Any CPU
		{DBBF7798-314D-4AAA-A65D-7D539EE5C761}.Debug|Any CPU.Build.0 = Debug|Any CPU
		{DBBF7798-314D-4AAA-A65D-7D539EE5C761}.Release|Any CPU.ActiveCfg = Release|Any CPU
		{DBBF7798-314D-4AAA-A65D-7D539EE5C761}.Release|Any CPU.Build.0 = Release|Any CPU
		{BC474D37-0405-40B0-AE4C-16BCD3D886E1}.Debug|Any CPU.ActiveCfg = Debug|Any CPU
		{BC474D37-0405-40B0-AE4C-16BCD3D886E1}.Debug|Any CPU.Build.0 = Debug|Any CPU
		{BC474D37-0405-40B0-AE4C-16BCD3D886E1}.Release|Any CPU.ActiveCfg = Release|Any CPU
		{BC474D37-0405-40B0-AE4C-16BCD3D886E1}.Release|Any CPU.Build.0 = Release|Any CPU
		{162A8CC4-3336-4F88-BC9E-6453BD372F4A}.Debug|Any CPU.ActiveCfg = Debug|Any CPU
		{162A8CC4-3336-4F88-BC9E-6453BD372F4A}.Debug|Any CPU.Build.0 = Debug|Any CPU
		{162A8CC4-3336-4F88-BC9E-6453BD372F4A}.Release|Any CPU.ActiveCfg = Release|Any CPU
		{162A8CC4-3336-4F88-BC9E-6453BD372F4A}.Release|Any CPU.Build.0 = Release|Any CPU
		{45275EB2-8567-487D-84B7-52CAEE1E1D0E}.Debug|Any CPU.ActiveCfg = Debug|Any CPU
		{45275EB2-8567-487D-84B7-52CAEE1E1D0E}.Debug|Any CPU.Build.0 = Debug|Any CPU
		{45275EB2-8567-487D-84B7-52CAEE1E1D0E}.Release|Any CPU.ActiveCfg = Release|Any CPU
		{45275EB2-8567-487D-84B7-52CAEE1E1D0E}.Release|Any CPU.Build.0 = Release|Any CPU
		{27F9B9B8-26B8-4F5A-9C8A-D63443B90966}.Debug|Any CPU.ActiveCfg = Debug|Any CPU
		{27F9B9B8-26B8-4F5A-9C8A-D63443B90966}.Debug|Any CPU.Build.0 = Debug|Any CPU
		{27F9B9B8-26B8-4F5A-9C8A-D63443B90966}.Release|Any CPU.ActiveCfg = Release|Any CPU
		{27F9B9B8-26B8-4F5A-9C8A-D63443B90966}.Release|Any CPU.Build.0 = Release|Any CPU
		{F08317B1-82AA-47C3-B896-6BD638FA7A53}.Debug|Any CPU.ActiveCfg = Debug|Any CPU
		{F08317B1-82AA-47C3-B896-6BD638FA7A53}.Debug|Any CPU.Build.0 = Debug|Any CPU
		{F08317B1-82AA-47C3-B896-6BD638FA7A53}.Release|Any CPU.ActiveCfg = Release|Any CPU
		{F08317B1-82AA-47C3-B896-6BD638FA7A53}.Release|Any CPU.Build.0 = Release|Any CPU
		{D2D5C216-DA1C-45CC-A6ED-4617D175F03C}.Debug|Any CPU.ActiveCfg = Debug|Any CPU
		{D2D5C216-DA1C-45CC-A6ED-4617D175F03C}.Debug|Any CPU.Build.0 = Debug|Any CPU
		{D2D5C216-DA1C-45CC-A6ED-4617D175F03C}.Release|Any CPU.ActiveCfg = Release|Any CPU
		{D2D5C216-DA1C-45CC-A6ED-4617D175F03C}.Release|Any CPU.Build.0 = Release|Any CPU
		{18484989-11B3-4BA3-8C5F-306D4526764D}.Debug|Any CPU.ActiveCfg = Debug|Any CPU
		{18484989-11B3-4BA3-8C5F-306D4526764D}.Debug|Any CPU.Build.0 = Debug|Any CPU
		{18484989-11B3-4BA3-8C5F-306D4526764D}.Release|Any CPU.ActiveCfg = Release|Any CPU
		{18484989-11B3-4BA3-8C5F-306D4526764D}.Release|Any CPU.Build.0 = Release|Any CPU
		{7BF8D91E-5FDF-4839-94B6-A0F89CB21BDB}.Debug|Any CPU.ActiveCfg = Debug|Any CPU
		{7BF8D91E-5FDF-4839-94B6-A0F89CB21BDB}.Debug|Any CPU.Build.0 = Debug|Any CPU
		{7BF8D91E-5FDF-4839-94B6-A0F89CB21BDB}.Release|Any CPU.ActiveCfg = Release|Any CPU
		{7BF8D91E-5FDF-4839-94B6-A0F89CB21BDB}.Release|Any CPU.Build.0 = Release|Any CPU
	EndGlobalSection
	GlobalSection(NestedProjects) = preSolution
		{6AFCE2E4-0486-4DE0-8C02-DC257CCE2DC7} = {ECDD9609-5209-4544-910F-099A50C8542D}
		{FD3E522F-BBE0-43E7-BE2C-6DFD064B1DDD} = {D210D6B3-356E-448A-9E38-C76B34C955C0}
		{7EAC9C7A-5C8A-47A9-96E8-A7EC66E9A306} = {ECDD9609-5209-4544-910F-099A50C8542D}
		{D255AA69-B327-47B8-B1ED-1781A87A8D6E} = {ECDD9609-5209-4544-910F-099A50C8542D}
		{81E31D8B-F155-4C1D-9E76-3BA2174A3EDD} = {ECDD9609-5209-4544-910F-099A50C8542D}
		{896DBF1B-168F-4DED-8C07-9F678FBA7F6D} = {ECDD9609-5209-4544-910F-099A50C8542D}
		{D8D85418-DC76-440D-9DF9-E09E5374AB54} = {ECDD9609-5209-4544-910F-099A50C8542D}
		{66E09772-49AA-4843-8118-7A3AC9E7D9BA} = {ECDD9609-5209-4544-910F-099A50C8542D}
		{DBBF7798-314D-4AAA-A65D-7D539EE5C761} = {ECDD9609-5209-4544-910F-099A50C8542D}
		{192F0C92-256C-4049-A24D-2092B9E60738} = {ECDD9609-5209-4544-910F-099A50C8542D}
		{BC474D37-0405-40B0-AE4C-16BCD3D886E1} = {192F0C92-256C-4049-A24D-2092B9E60738}
		{162A8CC4-3336-4F88-BC9E-6453BD372F4A} = {192F0C92-256C-4049-A24D-2092B9E60738}
		{45275EB2-8567-487D-84B7-52CAEE1E1D0E} = {192F0C92-256C-4049-A24D-2092B9E60738}
		{27F9B9B8-26B8-4F5A-9C8A-D63443B90966} = {192F0C92-256C-4049-A24D-2092B9E60738}
		{E134A923-6235-4356-89BA-A8A06A1F2EDA} = {ECDD9609-5209-4544-910F-099A50C8542D}
		{F08317B1-82AA-47C3-B896-6BD638FA7A53} = {E134A923-6235-4356-89BA-A8A06A1F2EDA}
		{D2D5C216-DA1C-45CC-A6ED-4617D175F03C} = {E134A923-6235-4356-89BA-A8A06A1F2EDA}
		{18484989-11B3-4BA3-8C5F-306D4526764D} = {D210D6B3-356E-448A-9E38-C76B34C955C0}
		{7BF8D91E-5FDF-4839-94B6-A0F89CB21BDB} = {E134A923-6235-4356-89BA-A8A06A1F2EDA}
	EndGlobalSection
EndGlobal
