
Microsoft Visual Studio Solution File, Format Version 12.00
# Visual Studio Version 17
VisualStudioVersion = 17.0.31903.59
MinimumVisualStudioVersion = 10.0.40219.1
Project("{2150E333-8FDC-42A3-9474-1A3956D46DE8}") = "Sources", "Sources", "{ECDD9609-5209-4544-910F-099A50C8542D}"
EndProject
Project("{FAE04EC0-301F-11D3-BF4B-00C04F79EFBC}") = "Coelum.Core", "Sources\Coelum.Core\Coelum.Core.csproj", "{6AFCE2E4-0486-4DE0-8C02-DC257CCE2DC7}"
EndProject
Project("{2150E333-8FDC-42A3-9474-1A3956D46DE8}") = "Tests", "Tests", "{D210D6B3-356E-448A-9E38-C76B34C955C0}"
EndProject
Project("{FAE04EC0-301F-11D3-BF4B-00C04F79EFBC}") = "Playground", "Tests\Playground\Playground.csproj", "{FD3E522F-BBE0-43E7-BE2C-6DFD064B1DDD}"
EndProject
Project("{FAE04EC0-301F-11D3-BF4B-00C04F79EFBC}") = "Coelum.Phoenix", "Sources\Coelum.Phoenix\Coelum.Phoenix.csproj", "{C2270D24-D8A7-4ADB-B2AF-491BB1CBA12D}"
EndProject
Project("{FAE04EC0-301F-11D3-BF4B-00C04F79EFBC}") = "Coelum.Phoenix.UI", "Sources\Coelum.Phoenix.UI\Coelum.Phoenix.UI.csproj", "{863A8F59-BB36-4E7F-A30C-EEA7E37FD0D2}"
EndProject
Project("{FAE04EC0-301F-11D3-BF4B-00C04F79EFBC}") = "Coelum.Common.Input", "Sources\Coelum.Common.Input\Coelum.Common.Input.csproj", "{7EAC9C7A-5C8A-47A9-96E8-A7EC66E9A306}"
EndProject
Project("{FAE04EC0-301F-11D3-BF4B-00C04F79EFBC}") = "Coelum.Debug", "Sources\Coelum.Debug\Coelum.Debug.csproj", "{D255AA69-B327-47B8-B1ED-1781A87A8D6E}"
EndProject
Project("{FAE04EC0-301F-11D3-BF4B-00C04F79EFBC}") = "Coelum.Configuration", "Sources\Coelum.Configuration\Coelum.Configuration.csproj", "{81E31D8B-F155-4C1D-9E76-3BA2174A3EDD}"
EndProject
Project("{FAE04EC0-301F-11D3-BF4B-00C04F79EFBC}") = "Coelum.Resources", "Sources\Coelum.Resources\Coelum.Resources.csproj", "{896DBF1B-168F-4DED-8C07-9F678FBA7F6D}"
EndProject
Project("{FAE04EC0-301F-11D3-BF4B-00C04F79EFBC}") = "Coelum.LanguageExtensions", "Sources\Coelum.LanguageExtensions\Coelum.LanguageExtensions.csproj", "{D8D85418-DC76-440D-9DF9-E09E5374AB54}"
EndProject
Project("{FAE04EC0-301F-11D3-BF4B-00C04F79EFBC}") = "Coelum.Node", "Sources\Coelum.Node\Coelum.Node.csproj", "{66E09772-49AA-4843-8118-7A3AC9E7D9BA}"
EndProject
Project("{FAE04EC0-301F-11D3-BF4B-00C04F79EFBC}") = "Coelum.Phoenix.ModelLoading", "Sources\Coelum.Phoenix.ModelLoading\Coelum.Phoenix.ModelLoading.csproj", "{DFDEBC23-572A-4EC7-9D96-540DBB796DFA}"
EndProject
Project("{FAE04EC0-301F-11D3-BF4B-00C04F79EFBC}") = "Coelum.Common.Graphics", "Sources\Coelum.Common.Graphics\Coelum.Common.Graphics.csproj", "{DBBF7798-314D-4AAA-A65D-7D539EE5C761}"
EndProject
Project("{FAE04EC0-301F-11D3-BF4B-00C04F79EFBC}") = "Coelum.Phoenix.Input", "Sources\Coelum.Phoenix.Input\Coelum.Phoenix.Input.csproj", "{0CE20A2C-0888-44D2-B0B1-67CFC6912788}"
EndProject
Global
	GlobalSection(SolutionConfigurationPlatforms) = preSolution
		Debug|Any CPU = Debug|Any CPU
		Release|Any CPU = Release|Any CPU
	EndGlobalSection
	GlobalSection(SolutionProperties) = preSolution
		HideSolutionNode = FALSE
	EndGlobalSection
	GlobalSection(ProjectConfigurationPlatforms) = postSolution
		{6AFCE2E4-0486-4DE0-8C02-DC257CCE2DC7}.Debug|Any CPU.ActiveCfg = Debug|Any CPU
		{6AFCE2E4-0486-4DE0-8C02-DC257CCE2DC7}.Debug|Any CPU.Build.0 = Debug|Any CPU
		{6AFCE2E4-0486-4DE0-8C02-DC257CCE2DC7}.Release|Any CPU.ActiveCfg = Release|Any CPU
		{6AFCE2E4-0486-4DE0-8C02-DC257CCE2DC7}.Release|Any CPU.Build.0 = Release|Any CPU
		{FD3E522F-BBE0-43E7-BE2C-6DFD064B1DDD}.Debug|Any CPU.ActiveCfg = Debug|Any CPU
		{FD3E522F-BBE0-43E7-BE2C-6DFD064B1DDD}.Debug|Any CPU.Build.0 = Debug|Any CPU
		{FD3E522F-BBE0-43E7-BE2C-6DFD064B1DDD}.Release|Any CPU.ActiveCfg = Release|Any CPU
		{FD3E522F-BBE0-43E7-BE2C-6DFD064B1DDD}.Release|Any CPU.Build.0 = Release|Any CPU
		{C2270D24-D8A7-4ADB-B2AF-491BB1CBA12D}.Debug|Any CPU.ActiveCfg = Debug|Any CPU
		{C2270D24-D8A7-4ADB-B2AF-491BB1CBA12D}.Debug|Any CPU.Build.0 = Debug|Any CPU
		{C2270D24-D8A7-4ADB-B2AF-491BB1CBA12D}.Release|Any CPU.ActiveCfg = Release|Any CPU
		{C2270D24-D8A7-4ADB-B2AF-491BB1CBA12D}.Release|Any CPU.Build.0 = Release|Any CPU
		{863A8F59-BB36-4E7F-A30C-EEA7E37FD0D2}.Debug|Any CPU.ActiveCfg = Debug|Any CPU
		{863A8F59-BB36-4E7F-A30C-EEA7E37FD0D2}.Debug|Any CPU.Build.0 = Debug|Any CPU
		{863A8F59-BB36-4E7F-A30C-EEA7E37FD0D2}.Release|Any CPU.ActiveCfg = Release|Any CPU
		{863A8F59-BB36-4E7F-A30C-EEA7E37FD0D2}.Release|Any CPU.Build.0 = Release|Any CPU
		{7EAC9C7A-5C8A-47A9-96E8-A7EC66E9A306}.Debug|Any CPU.ActiveCfg = Debug|Any CPU
		{7EAC9C7A-5C8A-47A9-96E8-A7EC66E9A306}.Debug|Any CPU.Build.0 = Debug|Any CPU
		{7EAC9C7A-5C8A-47A9-96E8-A7EC66E9A306}.Release|Any CPU.ActiveCfg = Release|Any CPU
		{7EAC9C7A-5C8A-47A9-96E8-A7EC66E9A306}.Release|Any CPU.Build.0 = Release|Any CPU
		{D255AA69-B327-47B8-B1ED-1781A87A8D6E}.Debug|Any CPU.ActiveCfg = Debug|Any CPU
		{D255AA69-B327-47B8-B1ED-1781A87A8D6E}.Debug|Any CPU.Build.0 = Debug|Any CPU
		{D255AA69-B327-47B8-B1ED-1781A87A8D6E}.Release|Any CPU.ActiveCfg = Release|Any CPU
		{D255AA69-B327-47B8-B1ED-1781A87A8D6E}.Release|Any CPU.Build.0 = Release|Any CPU
		{81E31D8B-F155-4C1D-9E76-3BA2174A3EDD}.Debug|Any CPU.ActiveCfg = Debug|Any CPU
		{81E31D8B-F155-4C1D-9E76-3BA2174A3EDD}.Debug|Any CPU.Build.0 = Debug|Any CPU
		{81E31D8B-F155-4C1D-9E76-3BA2174A3EDD}.Release|Any CPU.ActiveCfg = Release|Any CPU
		{81E31D8B-F155-4C1D-9E76-3BA2174A3EDD}.Release|Any CPU.Build.0 = Release|Any CPU
		{896DBF1B-168F-4DED-8C07-9F678FBA7F6D}.Debug|Any CPU.ActiveCfg = Debug|Any CPU
		{896DBF1B-168F-4DED-8C07-9F678FBA7F6D}.Debug|Any CPU.Build.0 = Debug|Any CPU
		{896DBF1B-168F-4DED-8C07-9F678FBA7F6D}.Release|Any CPU.ActiveCfg = Release|Any CPU
		{896DBF1B-168F-4DED-8C07-9F678FBA7F6D}.Release|Any CPU.Build.0 = Release|Any CPU
		{D8D85418-DC76-440D-9DF9-E09E5374AB54}.Debug|Any CPU.ActiveCfg = Debug|Any CPU
		{D8D85418-DC76-440D-9DF9-E09E5374AB54}.Debug|Any CPU.Build.0 = Debug|Any CPU
		{D8D85418-DC76-440D-9DF9-E09E5374AB54}.Release|Any CPU.ActiveCfg = Release|Any CPU
		{D8D85418-DC76-440D-9DF9-E09E5374AB54}.Release|Any CPU.Build.0 = Release|Any CPU
		{66E09772-49AA-4843-8118-7A3AC9E7D9BA}.Debug|Any CPU.ActiveCfg = Debug|Any CPU
		{66E09772-49AA-4843-8118-7A3AC9E7D9BA}.Debug|Any CPU.Build.0 = Debug|Any CPU
		{66E09772-49AA-4843-8118-7A3AC9E7D9BA}.Release|Any CPU.ActiveCfg = Release|Any CPU
		{66E09772-49AA-4843-8118-7A3AC9E7D9BA}.Release|Any CPU.Build.0 = Release|Any CPU
		{DFDEBC23-572A-4EC7-9D96-540DBB796DFA}.Debug|Any CPU.ActiveCfg = Debug|Any CPU
		{DFDEBC23-572A-4EC7-9D96-540DBB796DFA}.Debug|Any CPU.Build.0 = Debug|Any CPU
		{DFDEBC23-572A-4EC7-9D96-540DBB796DFA}.Release|Any CPU.ActiveCfg = Release|Any CPU
		{DFDEBC23-572A-4EC7-9D96-540DBB796DFA}.Release|Any CPU.Build.0 = Release|Any CPU
		{DBBF7798-314D-4AAA-A65D-7D539EE5C761}.Debug|Any CPU.ActiveCfg = Debug|Any CPU
		{DBBF7798-314D-4AAA-A65D-7D539EE5C761}.Debug|Any CPU.Build.0 = Debug|Any CPU
		{DBBF7798-314D-4AAA-A65D-7D539EE5C761}.Release|Any CPU.ActiveCfg = Release|Any CPU
		{DBBF7798-314D-4AAA-A65D-7D539EE5C761}.Release|Any CPU.Build.0 = Release|Any CPU
		{0CE20A2C-0888-44D2-B0B1-67CFC6912788}.Debug|Any CPU.ActiveCfg = Debug|Any CPU
		{0CE20A2C-0888-44D2-B0B1-67CFC6912788}.Debug|Any CPU.Build.0 = Debug|Any CPU
		{0CE20A2C-0888-44D2-B0B1-67CFC6912788}.Release|Any CPU.ActiveCfg = Release|Any CPU
		{0CE20A2C-0888-44D2-B0B1-67CFC6912788}.Release|Any CPU.Build.0 = Release|Any CPU
	EndGlobalSection
	GlobalSection(NestedProjects) = preSolution
		{6AFCE2E4-0486-4DE0-8C02-DC257CCE2DC7} = {ECDD9609-5209-4544-910F-099A50C8542D}
		{FD3E522F-BBE0-43E7-BE2C-6DFD064B1DDD} = {D210D6B3-356E-448A-9E38-C76B34C955C0}
		{C2270D24-D8A7-4ADB-B2AF-491BB1CBA12D} = {ECDD9609-5209-4544-910F-099A50C8542D}
		{863A8F59-BB36-4E7F-A30C-EEA7E37FD0D2} = {ECDD9609-5209-4544-910F-099A50C8542D}
		{7EAC9C7A-5C8A-47A9-96E8-A7EC66E9A306} = {ECDD9609-5209-4544-910F-099A50C8542D}
		{D255AA69-B327-47B8-B1ED-1781A87A8D6E} = {ECDD9609-5209-4544-910F-099A50C8542D}
		{81E31D8B-F155-4C1D-9E76-3BA2174A3EDD} = {ECDD9609-5209-4544-910F-099A50C8542D}
		{896DBF1B-168F-4DED-8C07-9F678FBA7F6D} = {ECDD9609-5209-4544-910F-099A50C8542D}
		{D8D85418-DC76-440D-9DF9-E09E5374AB54} = {ECDD9609-5209-4544-910F-099A50C8542D}
		{66E09772-49AA-4843-8118-7A3AC9E7D9BA} = {ECDD9609-5209-4544-910F-099A50C8542D}
		{DFDEBC23-572A-4EC7-9D96-540DBB796DFA} = {ECDD9609-5209-4544-910F-099A50C8542D}
		{DBBF7798-314D-4AAA-A65D-7D539EE5C761} = {ECDD9609-5209-4544-910F-099A50C8542D}
		{0CE20A2C-0888-44D2-B0B1-67CFC6912788} = {ECDD9609-5209-4544-910F-099A50C8542D}
	EndGlobalSection
EndGlobal
